// !$*UTF8*$!
{
	archiveVersion = 1;
	classes = {
	};
	objectVersion = 46;
	objects = {

/* Begin PBXBuildFile section */
		1F63C6601F36411D00F0E3F7 /* recipes.csv in Resources */ = {isa = PBXBuildFile; fileRef = 1F63C65F1F36411D00F0E3F7 /* recipes.csv */; };
		1F9C851E1F443B7B00F87C79 /* Recipe.swift in Sources */ = {isa = PBXBuildFile; fileRef = 1F9C851D1F443B7B00F87C79 /* Recipe.swift */; };
		1F9C85201F4599E300F87C79 /* RecipeDetailController.swift in Sources */ = {isa = PBXBuildFile; fileRef = 1F9C851F1F4599E300F87C79 /* RecipeDetailController.swift */; };
		1F9F351D1F19F82100B2FABF /* AppDelegate.swift in Sources */ = {isa = PBXBuildFile; fileRef = 1F9F351C1F19F82100B2FABF /* AppDelegate.swift */; };
		1F9F351F1F19F82100B2FABF /* RecipeSelectionController.swift in Sources */ = {isa = PBXBuildFile; fileRef = 1F9F351E1F19F82100B2FABF /* RecipeSelectionController.swift */; };
		1F9F35221F19F82100B2FABF /* Main.storyboard in Resources */ = {isa = PBXBuildFile; fileRef = 1F9F35201F19F82100B2FABF /* Main.storyboard */; };
		1F9F35251F19F82100B2FABF /* Mampf.xcdatamodeld in Sources */ = {isa = PBXBuildFile; fileRef = 1F9F35231F19F82100B2FABF /* Mampf.xcdatamodeld */; };
		1F9F35271F19F82100B2FABF /* Assets.xcassets in Resources */ = {isa = PBXBuildFile; fileRef = 1F9F35261F19F82100B2FABF /* Assets.xcassets */; };
		1F9F352A1F19F82100B2FABF /* LaunchScreen.storyboard in Resources */ = {isa = PBXBuildFile; fileRef = 1F9F35281F19F82100B2FABF /* LaunchScreen.storyboard */; };
		1F9F35351F19F82100B2FABF /* MampfTests.swift in Sources */ = {isa = PBXBuildFile; fileRef = 1F9F35341F19F82100B2FABF /* MampfTests.swift */; };
		1F9F35451F1A225C00B2FABF /* Cookbook.swift in Sources */ = {isa = PBXBuildFile; fileRef = 1F9F35441F1A225C00B2FABF /* Cookbook.swift */; };
		1F9F35461F1A225C00B2FABF /* Cookbook.swift in Sources */ = {isa = PBXBuildFile; fileRef = 1F9F35441F1A225C00B2FABF /* Cookbook.swift */; };
/* End PBXBuildFile section */

/* Begin PBXContainerItemProxy section */
		1F9F35311F19F82100B2FABF /* PBXContainerItemProxy */ = {
			isa = PBXContainerItemProxy;
			containerPortal = 1F9F35111F19F82100B2FABF /* Project object */;
			proxyType = 1;
			remoteGlobalIDString = 1F9F35181F19F82100B2FABF;
			remoteInfo = Mampf;
		};
/* End PBXContainerItemProxy section */

/* Begin PBXFileReference section */
		1F63C65F1F36411D00F0E3F7 /* recipes.csv */ = {isa = PBXFileReference; fileEncoding = 4; lastKnownFileType = text; path = recipes.csv; sourceTree = "<group>"; };
		1F9C851D1F443B7B00F87C79 /* Recipe.swift */ = {isa = PBXFileReference; fileEncoding = 4; lastKnownFileType = sourcecode.swift; path = Recipe.swift; sourceTree = "<group>"; };
		1F9C851F1F4599E300F87C79 /* RecipeDetailController.swift */ = {isa = PBXFileReference; fileEncoding = 4; lastKnownFileType = sourcecode.swift; path = RecipeDetailController.swift; sourceTree = "<group>"; };
		1F9F35191F19F82100B2FABF /* Mampf.app */ = {isa = PBXFileReference; explicitFileType = wrapper.application; includeInIndex = 0; path = Mampf.app; sourceTree = BUILT_PRODUCTS_DIR; };
		1F9F351C1F19F82100B2FABF /* AppDelegate.swift */ = {isa = PBXFileReference; lastKnownFileType = sourcecode.swift; path = AppDelegate.swift; sourceTree = "<group>"; };
		1F9F351E1F19F82100B2FABF /* RecipeSelectionController.swift */ = {isa = PBXFileReference; lastKnownFileType = sourcecode.swift; path = RecipeSelectionController.swift; sourceTree = "<group>"; };
		1F9F35211F19F82100B2FABF /* Base */ = {isa = PBXFileReference; lastKnownFileType = file.storyboard; name = Base; path = Base.lproj/Main.storyboard; sourceTree = "<group>"; };
		1F9F35241F19F82100B2FABF /* Mampf.xcdatamodel */ = {isa = PBXFileReference; lastKnownFileType = wrapper.xcdatamodel; path = Mampf.xcdatamodel; sourceTree = "<group>"; };
		1F9F35261F19F82100B2FABF /* Assets.xcassets */ = {isa = PBXFileReference; lastKnownFileType = folder.assetcatalog; path = Assets.xcassets; sourceTree = "<group>"; };
		1F9F35291F19F82100B2FABF /* Base */ = {isa = PBXFileReference; lastKnownFileType = file.storyboard; name = Base; path = Base.lproj/LaunchScreen.storyboard; sourceTree = "<group>"; };
		1F9F352B1F19F82100B2FABF /* Info.plist */ = {isa = PBXFileReference; lastKnownFileType = text.plist.xml; path = Info.plist; sourceTree = "<group>"; };
		1F9F35301F19F82100B2FABF /* MampfTests.xctest */ = {isa = PBXFileReference; explicitFileType = wrapper.cfbundle; includeInIndex = 0; path = MampfTests.xctest; sourceTree = BUILT_PRODUCTS_DIR; };
		1F9F35341F19F82100B2FABF /* MampfTests.swift */ = {isa = PBXFileReference; lastKnownFileType = sourcecode.swift; path = MampfTests.swift; sourceTree = "<group>"; };
		1F9F35361F19F82100B2FABF /* Info.plist */ = {isa = PBXFileReference; lastKnownFileType = text.plist.xml; path = Info.plist; sourceTree = "<group>"; };
		1F9F35441F1A225C00B2FABF /* Cookbook.swift */ = {isa = PBXFileReference; fileEncoding = 4; lastKnownFileType = sourcecode.swift; path = Cookbook.swift; sourceTree = "<group>"; };
/* End PBXFileReference section */

/* Begin PBXFrameworksBuildPhase section */
		1F9F35161F19F82100B2FABF /* Frameworks */ = {
			isa = PBXFrameworksBuildPhase;
			buildActionMask = 2147483647;
			files = (
			);
			runOnlyForDeploymentPostprocessing = 0;
		};
		1F9F352D1F19F82100B2FABF /* Frameworks */ = {
			isa = PBXFrameworksBuildPhase;
			buildActionMask = 2147483647;
			files = (
			);
			runOnlyForDeploymentPostprocessing = 0;
		};
/* End PBXFrameworksBuildPhase section */

/* Begin PBXGroup section */
		1F9F35101F19F82100B2FABF = {
			isa = PBXGroup;
			children = (
				1F9F351B1F19F82100B2FABF /* Mampf */,
				1F9F35331F19F82100B2FABF /* MampfTests */,
				1F9F351A1F19F82100B2FABF /* Products */,
			);
			sourceTree = "<group>";
		};
		1F9F351A1F19F82100B2FABF /* Products */ = {
			isa = PBXGroup;
			children = (
				1F9F35191F19F82100B2FABF /* Mampf.app */,
				1F9F35301F19F82100B2FABF /* MampfTests.xctest */,
			);
			name = Products;
			sourceTree = "<group>";
		};
		1F9F351B1F19F82100B2FABF /* Mampf */ = {
			isa = PBXGroup;
			children = (
				1F9F351C1F19F82100B2FABF /* AppDelegate.swift */,
				1F9F351E1F19F82100B2FABF /* RecipeSelectionController.swift */,
				1F9C851F1F4599E300F87C79 /* RecipeDetailController.swift */,
				1F9F35201F19F82100B2FABF /* Main.storyboard */,
				1F9F35441F1A225C00B2FABF /* Cookbook.swift */,
				1F9C851D1F443B7B00F87C79 /* Recipe.swift */,
				1F63C65F1F36411D00F0E3F7 /* recipes.csv */,
				1F9F35261F19F82100B2FABF /* Assets.xcassets */,
				1F9F35281F19F82100B2FABF /* LaunchScreen.storyboard */,
				1F9F352B1F19F82100B2FABF /* Info.plist */,
				1F9F35231F19F82100B2FABF /* Mampf.xcdatamodeld */,
			);
			path = Mampf;
			sourceTree = "<group>";
		};
		1F9F35331F19F82100B2FABF /* MampfTests */ = {
			isa = PBXGroup;
			children = (
				1F9F35341F19F82100B2FABF /* MampfTests.swift */,
				1F9F35361F19F82100B2FABF /* Info.plist */,
			);
			path = MampfTests;
			sourceTree = "<group>";
		};
/* End PBXGroup section */

/* Begin PBXNativeTarget section */
		1F9F35181F19F82100B2FABF /* Mampf */ = {
			isa = PBXNativeTarget;
			buildConfigurationList = 1F9F35391F19F82100B2FABF /* Build configuration list for PBXNativeTarget "Mampf" */;
			buildPhases = (
				1F9F35151F19F82100B2FABF /* Sources */,
				1F9F35161F19F82100B2FABF /* Frameworks */,
				1F9F35171F19F82100B2FABF /* Resources */,
			);
			buildRules = (
			);
			dependencies = (
			);
			name = Mampf;
			productName = Mampf;
			productReference = 1F9F35191F19F82100B2FABF /* Mampf.app */;
			productType = "com.apple.product-type.application";
		};
		1F9F352F1F19F82100B2FABF /* MampfTests */ = {
			isa = PBXNativeTarget;
			buildConfigurationList = 1F9F353C1F19F82100B2FABF /* Build configuration list for PBXNativeTarget "MampfTests" */;
			buildPhases = (
				1F9F352C1F19F82100B2FABF /* Sources */,
				1F9F352D1F19F82100B2FABF /* Frameworks */,
				1F9F352E1F19F82100B2FABF /* Resources */,
			);
			buildRules = (
			);
			dependencies = (
				1F9F35321F19F82100B2FABF /* PBXTargetDependency */,
			);
			name = MampfTests;
			productName = MampfTests;
			productReference = 1F9F35301F19F82100B2FABF /* MampfTests.xctest */;
			productType = "com.apple.product-type.bundle.unit-test";
		};
/* End PBXNativeTarget section */

/* Begin PBXProject section */
		1F9F35111F19F82100B2FABF /* Project object */ = {
			isa = PBXProject;
			attributes = {
				LastSwiftUpdateCheck = 0830;
				LastUpgradeCheck = 0830;
				ORGANIZATIONNAME = "Fabian Braig";
				TargetAttributes = {
					1F9F35181F19F82100B2FABF = {
						CreatedOnToolsVersion = 8.3.3;
						ProvisioningStyle = Automatic;
					};
					1F9F352F1F19F82100B2FABF = {
						CreatedOnToolsVersion = 8.3.3;
						ProvisioningStyle = Automatic;
						TestTargetID = 1F9F35181F19F82100B2FABF;
					};
				};
			};
			buildConfigurationList = 1F9F35141F19F82100B2FABF /* Build configuration list for PBXProject "Mampf" */;
			compatibilityVersion = "Xcode 3.2";
			developmentRegion = English;
			hasScannedForEncodings = 0;
			knownRegions = (
				en,
				Base,
			);
			mainGroup = 1F9F35101F19F82100B2FABF;
			productRefGroup = 1F9F351A1F19F82100B2FABF /* Products */;
			projectDirPath = "";
			projectRoot = "";
			targets = (
				1F9F35181F19F82100B2FABF /* Mampf */,
				1F9F352F1F19F82100B2FABF /* MampfTests */,
			);
		};
/* End PBXProject section */

/* Begin PBXResourcesBuildPhase section */
		1F9F35171F19F82100B2FABF /* Resources */ = {
			isa = PBXResourcesBuildPhase;
			buildActionMask = 2147483647;
			files = (
				1F63C6601F36411D00F0E3F7 /* recipes.csv in Resources */,
				1F9F352A1F19F82100B2FABF /* LaunchScreen.storyboard in Resources */,
				1F9F35271F19F82100B2FABF /* Assets.xcassets in Resources */,
				1F9F35221F19F82100B2FABF /* Main.storyboard in Resources */,
			);
			runOnlyForDeploymentPostprocessing = 0;
		};
		1F9F352E1F19F82100B2FABF /* Resources */ = {
			isa = PBXResourcesBuildPhase;
			buildActionMask = 2147483647;
			files = (
			);
			runOnlyForDeploymentPostprocessing = 0;
		};
/* End PBXResourcesBuildPhase section */

/* Begin PBXSourcesBuildPhase section */
		1F9F35151F19F82100B2FABF /* Sources */ = {
			isa = PBXSourcesBuildPhase;
			buildActionMask = 2147483647;
			files = (
				1F9F35451F1A225C00B2FABF /* Cookbook.swift in Sources */,
				1F9F351F1F19F82100B2FABF /* RecipeSelectionController.swift in Sources */,
				1F9C85201F4599E300F87C79 /* RecipeDetailController.swift in Sources */,
				1F9C851E1F443B7B00F87C79 /* Recipe.swift in Sources */,
				1F9F351D1F19F82100B2FABF /* AppDelegate.swift in Sources */,
				1F9F35251F19F82100B2FABF /* Mampf.xcdatamodeld in Sources */,
			);
			runOnlyForDeploymentPostprocessing = 0;
		};
		1F9F352C1F19F82100B2FABF /* Sources */ = {
			isa = PBXSourcesBuildPhase;
			buildActionMask = 2147483647;
			files = (
				1F9F35461F1A225C00B2FABF /* Cookbook.swift in Sources */,
				1F9F35351F19F82100B2FABF /* MampfTests.swift in Sources */,
			);
			runOnlyForDeploymentPostprocessing = 0;
		};
/* End PBXSourcesBuildPhase section */

/* Begin PBXTargetDependency section */
		1F9F35321F19F82100B2FABF /* PBXTargetDependency */ = {
			isa = PBXTargetDependency;
			target = 1F9F35181F19F82100B2FABF /* Mampf */;
			targetProxy = 1F9F35311F19F82100B2FABF /* PBXContainerItemProxy */;
		};
/* End PBXTargetDependency section */

/* Begin PBXVariantGroup section */
		1F9F35201F19F82100B2FABF /* Main.storyboard */ = {
			isa = PBXVariantGroup;
			children = (
				1F9F35211F19F82100B2FABF /* Base */,
			);
			name = Main.storyboard;
			sourceTree = "<group>";
		};
		1F9F35281F19F82100B2FABF /* LaunchScreen.storyboard */ = {
			isa = PBXVariantGroup;
			children = (
				1F9F35291F19F82100B2FABF /* Base */,
			);
			name = LaunchScreen.storyboard;
			sourceTree = "<group>";
		};
/* End PBXVariantGroup section */

/* Begin XCBuildConfiguration section */
		1F9F35371F19F82100B2FABF /* Debug */ = {
			isa = XCBuildConfiguration;
			buildSettings = {
				ALWAYS_SEARCH_USER_PATHS = NO;
				CLANG_ANALYZER_NONNULL = YES;
				CLANG_ANALYZER_NUMBER_OBJECT_CONVERSION = YES_AGGRESSIVE;
				CLANG_CXX_LANGUAGE_STANDARD = "gnu++0x";
				CLANG_CXX_LIBRARY = "libc++";
				CLANG_ENABLE_MODULES = YES;
				CLANG_ENABLE_OBJC_ARC = YES;
				CLANG_WARN_BOOL_CONVERSION = YES;
				CLANG_WARN_CONSTANT_CONVERSION = YES;
				CLANG_WARN_DIRECT_OBJC_ISA_USAGE = YES_ERROR;
				CLANG_WARN_DOCUMENTATION_COMMENTS = YES;
				CLANG_WARN_EMPTY_BODY = YES;
				CLANG_WARN_ENUM_CONVERSION = YES;
				CLANG_WARN_INFINITE_RECURSION = YES;
				CLANG_WARN_INT_CONVERSION = YES;
				CLANG_WARN_OBJC_ROOT_CLASS = YES_ERROR;
				CLANG_WARN_SUSPICIOUS_MOVE = YES;
				CLANG_WARN_UNREACHABLE_CODE = YES;
				CLANG_WARN__DUPLICATE_METHOD_MATCH = YES;
				"CODE_SIGN_IDENTITY[sdk=iphoneos*]" = "iPhone Developer";
				COPY_PHASE_STRIP = NO;
				DEBUG_INFORMATION_FORMAT = dwarf;
				ENABLE_STRICT_OBJC_MSGSEND = YES;
				ENABLE_TESTABILITY = YES;
				GCC_C_LANGUAGE_STANDARD = gnu99;
				GCC_DYNAMIC_NO_PIC = NO;
				GCC_NO_COMMON_BLOCKS = YES;
				GCC_OPTIMIZATION_LEVEL = 0;
				GCC_PREPROCESSOR_DEFINITIONS = (
					"DEBUG=1",
					"$(inherited)",
				);
				GCC_WARN_64_TO_32_BIT_CONVERSION = YES;
				GCC_WARN_ABOUT_RETURN_TYPE = YES_ERROR;
				GCC_WARN_UNDECLARED_SELECTOR = YES;
				GCC_WARN_UNINITIALIZED_AUTOS = YES_AGGRESSIVE;
				GCC_WARN_UNUSED_FUNCTION = YES;
				GCC_WARN_UNUSED_VARIABLE = YES;
				IPHONEOS_DEPLOYMENT_TARGET = 10.3;
				MTL_ENABLE_DEBUG_INFO = YES;
				ONLY_ACTIVE_ARCH = YES;
				SDKROOT = iphoneos;
				SWIFT_ACTIVE_COMPILATION_CONDITIONS = DEBUG;
				SWIFT_OPTIMIZATION_LEVEL = "-Onone";
			};
			name = Debug;
		};
		1F9F35381F19F82100B2FABF /* Release */ = {
			isa = XCBuildConfiguration;
			buildSettings = {
				ALWAYS_SEARCH_USER_PATHS = NO;
				CLANG_ANALYZER_NONNULL = YES;
				CLANG_ANALYZER_NUMBER_OBJECT_CONVERSION = YES_AGGRESSIVE;
				CLANG_CXX_LANGUAGE_STANDARD = "gnu++0x";
				CLANG_CXX_LIBRARY = "libc++";
				CLANG_ENABLE_MODULES = YES;
				CLANG_ENABLE_OBJC_ARC = YES;
				CLANG_WARN_BOOL_CONVERSION = YES;
				CLANG_WARN_CONSTANT_CONVERSION = YES;
				CLANG_WARN_DIRECT_OBJC_ISA_USAGE = YES_ERROR;
				CLANG_WARN_DOCUMENTATION_COMMENTS = YES;
				CLANG_WARN_EMPTY_BODY = YES;
				CLANG_WARN_ENUM_CONVERSION = YES;
				CLANG_WARN_INFINITE_RECURSION = YES;
				CLANG_WARN_INT_CONVERSION = YES;
				CLANG_WARN_OBJC_ROOT_CLASS = YES_ERROR;
				CLANG_WARN_SUSPICIOUS_MOVE = YES;
				CLANG_WARN_UNREACHABLE_CODE = YES;
				CLANG_WARN__DUPLICATE_METHOD_MATCH = YES;
				"CODE_SIGN_IDENTITY[sdk=iphoneos*]" = "iPhone Developer";
				COPY_PHASE_STRIP = NO;
				DEBUG_INFORMATION_FORMAT = "dwarf-with-dsym";
				ENABLE_NS_ASSERTIONS = NO;
				ENABLE_STRICT_OBJC_MSGSEND = YES;
				GCC_C_LANGUAGE_STANDARD = gnu99;
				GCC_NO_COMMON_BLOCKS = YES;
				GCC_WARN_64_TO_32_BIT_CONVERSION = YES;
				GCC_WARN_ABOUT_RETURN_TYPE = YES_ERROR;
				GCC_WARN_UNDECLARED_SELECTOR = YES;
				GCC_WARN_UNINITIALIZED_AUTOS = YES_AGGRESSIVE;
				GCC_WARN_UNUSED_FUNCTION = YES;
				GCC_WARN_UNUSED_VARIABLE = YES;
				IPHONEOS_DEPLOYMENT_TARGET = 10.3;
				MTL_ENABLE_DEBUG_INFO = NO;
				SDKROOT = iphoneos;
				SWIFT_OPTIMIZATION_LEVEL = "-Owholemodule";
				VALIDATE_PRODUCT = YES;
			};
			name = Release;
		};
		1F9F353A1F19F82100B2FABF /* Debug */ = {
			isa = XCBuildConfiguration;
			buildSettings = {
				ASSETCATALOG_COMPILER_APPICON_NAME = AppIcon;
				INFOPLIST_FILE = Mampf/Info.plist;
				LD_RUNPATH_SEARCH_PATHS = "$(inherited) @executable_path/Frameworks";
				PRODUCT_BUNDLE_IDENTIFIER = com.fapse.Mampf;
				PRODUCT_NAME = "$(TARGET_NAME)";
				SWIFT_VERSION = 3.0;
				TARGETED_DEVICE_FAMILY = 1;
			};
			name = Debug;
		};
		1F9F353B1F19F82100B2FABF /* Release */ = {
			isa = XCBuildConfiguration;
			buildSettings = {
				ASSETCATALOG_COMPILER_APPICON_NAME = AppIcon;
				INFOPLIST_FILE = Mampf/Info.plist;
				LD_RUNPATH_SEARCH_PATHS = "$(inherited) @executable_path/Frameworks";
				PRODUCT_BUNDLE_IDENTIFIER = com.fapse.Mampf;
				PRODUCT_NAME = "$(TARGET_NAME)";
				SWIFT_VERSION = 3.0;
				TARGETED_DEVICE_FAMILY = 1;
			};
			name = Release;
		};
		1F9F353D1F19F82100B2FABF /* Debug */ = {
			isa = XCBuildConfiguration;
			buildSettings = {
				ALWAYS_EMBED_SWIFT_STANDARD_LIBRARIES = YES;
				BUNDLE_LOADER = "$(TEST_HOST)";
				INFOPLIST_FILE = MampfTests/Info.plist;
				LD_RUNPATH_SEARCH_PATHS = "$(inherited) @executable_path/Frameworks @loader_path/Frameworks";
				PRODUCT_BUNDLE_IDENTIFIER = com.fapse.MampfTests;
				PRODUCT_NAME = "$(TARGET_NAME)";
				SWIFT_VERSION = 3.0;
				TEST_HOST = "$(BUILT_PRODUCTS_DIR)/Mampf.app/Mampf";
			};
			name = Debug;
		};
		1F9F353E1F19F82100B2FABF /* Release */ = {
			isa = XCBuildConfiguration;
			buildSettings = {
				ALWAYS_EMBED_SWIFT_STANDARD_LIBRARIES = YES;
				BUNDLE_LOADER = "$(TEST_HOST)";
				INFOPLIST_FILE = MampfTests/Info.plist;
				LD_RUNPATH_SEARCH_PATHS = "$(inherited) @executable_path/Frameworks @loader_path/Frameworks";
				PRODUCT_BUNDLE_IDENTIFIER = com.fapse.MampfTests;
				PRODUCT_NAME = "$(TARGET_NAME)";
				SWIFT_VERSION = 3.0;
				TEST_HOST = "$(BUILT_PRODUCTS_DIR)/Mampf.app/Mampf";
			};
			name = Release;
		};
/* End XCBuildConfiguration section */

/* Begin XCConfigurationList section */
		1F9F35141F19F82100B2FABF /* Build configuration list for PBXProject "Mampf" */ = {
			isa = XCConfigurationList;
			buildConfigurations = (
				1F9F35371F19F82100B2FABF /* Debug */,
				1F9F35381F19F82100B2FABF /* Release */,
			);
			defaultConfigurationIsVisible = 0;
			defaultConfigurationName = Release;
		};
		1F9F35391F19F82100B2FABF /* Build configuration list for PBXNativeTarget "Mampf" */ = {
			isa = XCConfigurationList;
			buildConfigurations = (
				1F9F353A1F19F82100B2FABF /* Debug */,
				1F9F353B1F19F82100B2FABF /* Release */,
			);
			defaultConfigurationIsVisible = 0;
			defaultConfigurationName = Release;
		};
		1F9F353C1F19F82100B2FABF /* Build configuration list for PBXNativeTarget "MampfTests" */ = {
			isa = XCConfigurationList;
			buildConfigurations = (
				1F9F353D1F19F82100B2FABF /* Debug */,
				1F9F353E1F19F82100B2FABF /* Release */,
			);
			defaultConfigurationIsVisible = 0;
			defaultConfigurationName = Release;
		};
/* End XCConfigurationList section */

/* Begin XCVersionGroup section */
		1F9F35231F19F82100B2FABF /* Mampf.xcdatamodeld */ = {
			isa = XCVersionGroup;
			children = (
				1F9F35241F19F82100B2FABF /* Mampf.xcdatamodel */,
			);
			currentVersion = 1F9F35241F19F82100B2FABF /* Mampf.xcdatamodel */;
			path = Mampf.xcdatamodeld;
			sourceTree = "<group>";
			versionGroupType = wrapper.xcdatamodel;
		};
/* End XCVersionGroup section */
	};
	rootObject = 1F9F35111F19F82100B2FABF /* Project object */;
}
